// !$*UTF8*$!
{
	archiveVersion = 1;
	classes = {
	};
	objectVersion = 46;
	objects = {

/* Begin PBXBuildFile section */
		A1BFBF651DD9F40E0022C1DC /* List.m in Sources */ = {isa = PBXBuildFile; fileRef = A1BFBF641DD9F40E0022C1DC /* List.m */; };
		A1F2B7DD1DC5ED090023278E /* main.m in Sources */ = {isa = PBXBuildFile; fileRef = A1F2B7DC1DC5ED090023278E /* main.m */; };
		A1F2B7E51DC5ED4F0023278E /* Solution.m in Sources */ = {isa = PBXBuildFile; fileRef = A1F2B7E41DC5ED4F0023278E /* Solution.m */; };
		A1F2B7E81DC5EEE70023278E /* TreeNode.m in Sources */ = {isa = PBXBuildFile; fileRef = A1F2B7E71DC5EEE70023278E /* TreeNode.m */; };
		D7165C1C1DE0B48A00F12A47 /* math.m in Sources */ = {isa = PBXBuildFile; fileRef = D7165C1B1DE0B48A00F12A47 /* math.m */; };
		D757AAD11DD95F6900F5ED1A /* BackTracking.m in Sources */ = {isa = PBXBuildFile; fileRef = D757AAD01DD95F6900F5ED1A /* BackTracking.m */; };
/* End PBXBuildFile section */

/* Begin PBXCopyFilesBuildPhase section */
		A1F2B7D71DC5ED090023278E /* CopyFiles */ = {
			isa = PBXCopyFilesBuildPhase;
			buildActionMask = 2147483647;
			dstPath = /usr/share/man/man1/;
			dstSubfolderSpec = 0;
			files = (
			);
			runOnlyForDeploymentPostprocessing = 1;
		};
/* End PBXCopyFilesBuildPhase section */

/* Begin PBXFileReference section */
		A1BFBF631DD9F40E0022C1DC /* List.h */ = {isa = PBXFileReference; fileEncoding = 4; lastKnownFileType = sourcecode.c.h; path = List.h; sourceTree = "<group>"; };
		A1BFBF641DD9F40E0022C1DC /* List.m */ = {isa = PBXFileReference; fileEncoding = 4; lastKnownFileType = sourcecode.c.objc; path = List.m; sourceTree = "<group>"; };
		A1F2B7D91DC5ED090023278E /* LCOBJC */ = {isa = PBXFileReference; explicitFileType = "compiled.mach-o.executable"; includeInIndex = 0; path = LCOBJC; sourceTree = BUILT_PRODUCTS_DIR; };
		A1F2B7DC1DC5ED090023278E /* main.m */ = {isa = PBXFileReference; lastKnownFileType = sourcecode.c.objc; path = main.m; sourceTree = "<group>"; };
		A1F2B7E31DC5ED4F0023278E /* Solution.h */ = {isa = PBXFileReference; fileEncoding = 4; lastKnownFileType = sourcecode.c.h; path = Solution.h; sourceTree = "<group>"; };
		A1F2B7E41DC5ED4F0023278E /* Solution.m */ = {isa = PBXFileReference; fileEncoding = 4; lastKnownFileType = sourcecode.c.objc; path = Solution.m; sourceTree = "<group>"; };
		A1F2B7E61DC5EEE70023278E /* TreeNode.h */ = {isa = PBXFileReference; fileEncoding = 4; lastKnownFileType = sourcecode.c.h; path = TreeNode.h; sourceTree = "<group>"; };
		A1F2B7E71DC5EEE70023278E /* TreeNode.m */ = {isa = PBXFileReference; fileEncoding = 4; lastKnownFileType = sourcecode.c.objc; path = TreeNode.m; sourceTree = "<group>"; };
		D7165C1A1DE0B48A00F12A47 /* math.h */ = {isa = PBXFileReference; fileEncoding = 4; lastKnownFileType = sourcecode.c.h; path = math.h; sourceTree = "<group>"; };
		D7165C1B1DE0B48A00F12A47 /* math.m */ = {isa = PBXFileReference; fileEncoding = 4; lastKnownFileType = sourcecode.c.objc; path = math.m; sourceTree = "<group>"; };
		D757AACF1DD95F6900F5ED1A /* BackTracking.h */ = {isa = PBXFileReference; fileEncoding = 4; lastKnownFileType = sourcecode.c.h; path = BackTracking.h; sourceTree = "<group>"; };
		D757AAD01DD95F6900F5ED1A /* BackTracking.m */ = {isa = PBXFileReference; fileEncoding = 4; lastKnownFileType = sourcecode.c.objc; path = BackTracking.m; sourceTree = "<group>"; };
/* End PBXFileReference section */

/* Begin PBXFrameworksBuildPhase section */
		A1F2B7D61DC5ED090023278E /* Frameworks */ = {
			isa = PBXFrameworksBuildPhase;
			buildActionMask = 2147483647;
			files = (
			);
			runOnlyForDeploymentPostprocessing = 0;
		};
/* End PBXFrameworksBuildPhase section */

/* Begin PBXGroup section */
		A1F2B7D01DC5ED090023278E = {
			isa = PBXGroup;
			children = (
				A1F2B7DB1DC5ED090023278E /* LCOBJC */,
				A1F2B7DA1DC5ED090023278E /* Products */,
			);
			sourceTree = "<group>";
		};
		A1F2B7DA1DC5ED090023278E /* Products */ = {
			isa = PBXGroup;
			children = (
				A1F2B7D91DC5ED090023278E /* LCOBJC */,
			);
			name = Products;
			sourceTree = "<group>";
		};
		A1F2B7DB1DC5ED090023278E /* LCOBJC */ = {
			isa = PBXGroup;
			children = (
				A1F2B7DC1DC5ED090023278E /* main.m */,
				A1F2B7E31DC5ED4F0023278E /* Solution.h */,
				A1F2B7E41DC5ED4F0023278E /* Solution.m */,
				A1F2B7E61DC5EEE70023278E /* TreeNode.h */,
				A1F2B7E71DC5EEE70023278E /* TreeNode.m */,
				D757AACF1DD95F6900F5ED1A /* BackTracking.h */,
				D757AAD01DD95F6900F5ED1A /* BackTracking.m */,
				A1BFBF631DD9F40E0022C1DC /* List.h */,
				A1BFBF641DD9F40E0022C1DC /* List.m */,
				D7165C1A1DE0B48A00F12A47 /* math.h */,
				D7165C1B1DE0B48A00F12A47 /* math.m */,
			);
			path = LCOBJC;
			sourceTree = "<group>";
		};
/* End PBXGroup section */

/* Begin PBXNativeTarget section */
		A1F2B7D81DC5ED090023278E /* LCOBJC */ = {
			isa = PBXNativeTarget;
			buildConfigurationList = A1F2B7E01DC5ED090023278E /* Build configuration list for PBXNativeTarget "LCOBJC" */;
			buildPhases = (
				A1F2B7D51DC5ED090023278E /* Sources */,
				A1F2B7D61DC5ED090023278E /* Frameworks */,
				A1F2B7D71DC5ED090023278E /* CopyFiles */,
			);
			buildRules = (
			);
			dependencies = (
			);
			name = LCOBJC;
			productName = LCOBJC;
			productReference = A1F2B7D91DC5ED090023278E /* LCOBJC */;
			productType = "com.apple.product-type.tool";
		};
/* End PBXNativeTarget section */

/* Begin PBXProject section */
		A1F2B7D11DC5ED090023278E /* Project object */ = {
			isa = PBXProject;
			attributes = {
				LastUpgradeCheck = 0810;
				ORGANIZATIONNAME = andy;
				TargetAttributes = {
					A1F2B7D81DC5ED090023278E = {
						CreatedOnToolsVersion = 8.1;
						ProvisioningStyle = Automatic;
					};
				};
			};
			buildConfigurationList = A1F2B7D41DC5ED090023278E /* Build configuration list for PBXProject "LCOBJC" */;
			compatibilityVersion = "Xcode 3.2";
			developmentRegion = English;
			hasScannedForEncodings = 0;
			knownRegions = (
				en,
			);
			mainGroup = A1F2B7D01DC5ED090023278E;
			productRefGroup = A1F2B7DA1DC5ED090023278E /* Products */;
			projectDirPath = "";
			projectRoot = "";
			targets = (
				A1F2B7D81DC5ED090023278E /* LCOBJC */,
			);
		};
/* End PBXProject section */

/* Begin PBXSourcesBuildPhase section */
		A1F2B7D51DC5ED090023278E /* Sources */ = {
			isa = PBXSourcesBuildPhase;
			buildActionMask = 2147483647;
			files = (
				A1BFBF651DD9F40E0022C1DC /* List.m in Sources */,
				A1F2B7E51DC5ED4F0023278E /* Solution.m in Sources */,
				D757AAD11DD95F6900F5ED1A /* BackTracking.m in Sources */,
				D7165C1C1DE0B48A00F12A47 /* math.m in Sources */,
				A1F2B7DD1DC5ED090023278E /* main.m in Sources */,
				A1F2B7E81DC5EEE70023278E /* TreeNode.m in Sources */,
			);
			runOnlyForDeploymentPostprocessing = 0;
		};
/* End PBXSourcesBuildPhase section */

/* Begin XCBuildConfiguration section */
		A1F2B7DE1DC5ED090023278E /* Debug */ = {
			isa = XCBuildConfiguration;
			buildSettings = {
				ALWAYS_SEARCH_USER_PATHS = NO;
				CLANG_ANALYZER_NONNULL = YES;
				CLANG_CXX_LANGUAGE_STANDARD = "gnu++0x";
				CLANG_CXX_LIBRARY = "libc++";
				CLANG_ENABLE_MODULES = YES;
				CLANG_ENABLE_OBJC_ARC = YES;
				CLANG_WARN_BOOL_CONVERSION = YES;
				CLANG_WARN_CONSTANT_CONVERSION = YES;
				CLANG_WARN_DIRECT_OBJC_ISA_USAGE = YES_ERROR;
				CLANG_WARN_DOCUMENTATION_COMMENTS = YES;
				CLANG_WARN_EMPTY_BODY = YES;
				CLANG_WARN_ENUM_CONVERSION = YES;
				CLANG_WARN_INFINITE_RECURSION = YES;
				CLANG_WARN_INT_CONVERSION = YES;
				CLANG_WARN_OBJC_ROOT_CLASS = YES_ERROR;
				CLANG_WARN_SUSPICIOUS_MOVES = YES;
				CLANG_WARN_UNREACHABLE_CODE = YES;
				CLANG_WARN__DUPLICATE_METHOD_MATCH = YES;
				CODE_SIGN_IDENTITY = "-";
				COPY_PHASE_STRIP = NO;
				DEBUG_INFORMATION_FORMAT = dwarf;
				ENABLE_STRICT_OBJC_MSGSEND = YES;
				ENABLE_TESTABILITY = YES;
				GCC_C_LANGUAGE_STANDARD = gnu99;
				GCC_DYNAMIC_NO_PIC = NO;
				GCC_NO_COMMON_BLOCKS = YES;
				GCC_OPTIMIZATION_LEVEL = 0;
				GCC_PREPROCESSOR_DEFINITIONS = (
					"DEBUG=1",
					"$(inherited)",
				);
				GCC_WARN_64_TO_32_BIT_CONVERSION = YES;
				GCC_WARN_ABOUT_RETURN_TYPE = YES_ERROR;
				GCC_WARN_UNDECLARED_SELECTOR = YES;
				GCC_WARN_UNINITIALIZED_AUTOS = YES_AGGRESSIVE;
				GCC_WARN_UNUSED_FUNCTION = YES;
				GCC_WARN_UNUSED_VARIABLE = YES;
				MACOSX_DEPLOYMENT_TARGET = 10.12;
				MTL_ENABLE_DEBUG_INFO = YES;
				ONLY_ACTIVE_ARCH = YES;
				SDKROOT = macosx;
			};
			name = Debug;
		};
		A1F2B7DF1DC5ED090023278E /* Release */ = {
			isa = XCBuildConfiguration;
			buildSettings = {
				ALWAYS_SEARCH_USER_PATHS = NO;
				CLANG_ANALYZER_NONNULL = YES;
				CLANG_CXX_LANGUAGE_STANDARD = "gnu++0x";
				CLANG_CXX_LIBRARY = "libc++";
				CLANG_ENABLE_MODULES = YES;
				CLANG_ENABLE_OBJC_ARC = YES;
				CLANG_WARN_BOOL_CONVERSION = YES;
				CLANG_WARN_CONSTANT_CONVERSION = YES;
				CLANG_WARN_DIRECT_OBJC_ISA_USAGE = YES_ERROR;
				CLANG_WARN_DOCUMENTATION_COMMENTS = YES;
				CLANG_WARN_EMPTY_BODY = YES;
				CLANG_WARN_ENUM_CONVERSION = YES;
				CLANG_WARN_INFINITE_RECURSION = YES;
				CLANG_WARN_INT_CONVERSION = YES;
				CLANG_WARN_OBJC_ROOT_CLASS = YES_ERROR;
				CLANG_WARN_SUSPICIOUS_MOVES = YES;
				CLANG_WARN_UNREACHABLE_CODE = YES;
				CLANG_WARN__DUPLICATE_METHOD_MATCH = YES;
				CODE_SIGN_IDENTITY = "-";
				COPY_PHASE_STRIP = NO;
				DEBUG_INFORMATION_FORMAT = "dwarf-with-dsym";
				ENABLE_NS_ASSERTIONS = NO;
				ENABLE_STRICT_OBJC_MSGSEND = YES;
				GCC_C_LANGUAGE_STANDARD = gnu99;
				GCC_NO_COMMON_BLOCKS = YES;
				GCC_WARN_64_TO_32_BIT_CONVERSION = YES;
				GCC_WARN_ABOUT_RETURN_TYPE = YES_ERROR;
				GCC_WARN_UNDECLARED_SELECTOR = YES;
				GCC_WARN_UNINITIALIZED_AUTOS = YES_AGGRESSIVE;
				GCC_WARN_UNUSED_FUNCTION = YES;
				GCC_WARN_UNUSED_VARIABLE = YES;
				MACOSX_DEPLOYMENT_TARGET = 10.12;
				MTL_ENABLE_DEBUG_INFO = NO;
				SDKROOT = macosx;
			};
			name = Release;
		};
		A1F2B7E11DC5ED090023278E /* Debug */ = {
			isa = XCBuildConfiguration;
			buildSettings = {
				PRODUCT_NAME = "$(TARGET_NAME)";
			};
			name = Debug;
		};
		A1F2B7E21DC5ED090023278E /* Release */ = {
			isa = XCBuildConfiguration;
			buildSettings = {
				PRODUCT_NAME = "$(TARGET_NAME)";
			};
			name = Release;
		};
/* End XCBuildConfiguration section */

/* Begin XCConfigurationList section */
		A1F2B7D41DC5ED090023278E /* Build configuration list for PBXProject "LCOBJC" */ = {
			isa = XCConfigurationList;
			buildConfigurations = (
				A1F2B7DE1DC5ED090023278E /* Debug */,
				A1F2B7DF1DC5ED090023278E /* Release */,
			);
			defaultConfigurationIsVisible = 0;
			defaultConfigurationName = Release;
		};
		A1F2B7E01DC5ED090023278E /* Build configuration list for PBXNativeTarget "LCOBJC" */ = {
			isa = XCConfigurationList;
			buildConfigurations = (
				A1F2B7E11DC5ED090023278E /* Debug */,
				A1F2B7E21DC5ED090023278E /* Release */,
			);
			defaultConfigurationIsVisible = 0;
			defaultConfigurationName = Release;
		};
/* End XCConfigurationList section */
	};
	rootObject = A1F2B7D11DC5ED090023278E /* Project object */;
}
